
Microsoft Visual Studio Solution File, Format Version 12.00
# Visual Studio Version 17
VisualStudioVersion = 17.0.31919.166
MinimumVisualStudioVersion = 10.0.40219.1
Project("{FAE04EC0-301F-11D3-BF4B-00C04F79EFBC}") = "movieDatabase", "movieDatabase\movieDatabase.csproj", "{56F0927D-23D4-4E0A-B8CF-0989379FCAB6}"
EndProject
Global
	GlobalSection(SolutionConfigurationPlatforms) = preSolution
		Debug|Any CPU = Debug|Any CPU
		Release|Any CPU = Release|Any CPU
	EndGlobalSection
	GlobalSection(ProjectConfigurationPlatforms) = postSolution
		{56F0927D-23D4-4E0A-B8CF-0989379FCAB6}.Debug|Any CPU.ActiveCfg = Debug|Any CPU
		{56F0927D-23D4-4E0A-B8CF-0989379FCAB6}.Debug|Any CPU.Build.0 = Debug|Any CPU
		{56F0927D-23D4-4E0A-B8CF-0989379FCAB6}.Release|Any CPU.ActiveCfg = Release|Any CPU
		{56F0927D-23D4-4E0A-B8CF-0989379FCAB6}.Release|Any CPU.Build.0 = Release|Any CPU
	EndGlobalSection
	GlobalSection(SolutionProperties) = preSolution
		HideSolutionNode = FALSE
	EndGlobalSection
	GlobalSection(ExtensibilityGlobals) = postSolution
		SolutionGuid = {A71F4012-E50D-4054-9CBA-B098F49AC7D9}
	EndGlobalSection
EndGlobal
